
Microsoft Visual Studio Solution File, Format Version 12.00
# Visual Studio 14
VisualStudioVersion = 14.0.25420.1
MinimumVisualStudioVersion = 10.0.40219.1
Project("{FAE04EC0-301F-11D3-BF4B-00C04F79EFBC}") = "WebApplication", "WebApplication\WebApplication.csproj", "{C9957B10-81CE-4D1A-9BCF-6FD08EF9D2EE}"
EndProject
Project("{FAE04EC0-301F-11D3-BF4B-00C04F79EFBC}") = "Database", "Database\Database.csproj", "{EA35582D-60B5-450D-81DD-85D7D8A49D03}"
EndProject
Project("{FAE04EC0-301F-11D3-BF4B-00C04F79EFBC}") = "ApiClients", "ApiClients\ApiClients.csproj", "{E451ADED-8EF9-4C36-8537-AEF05B40A563}"
EndProject
Project("{FAE04EC0-301F-11D3-BF4B-00C04F79EFBC}") = "MobileApp.Android", "MobileApp\MobileApp.Android\MobileApp.Android.csproj", "{CCAA81D3-263E-44CD-8DD5-89A075F3C7D6}"
EndProject
Project("{FAE04EC0-301F-11D3-BF4B-00C04F79EFBC}") = "MobileApp", "MobileApp\MobileApp\MobileApp.csproj", "{CB6AFA1D-C773-40B1-A7A5-254507DF8985}"
EndProject
Project("{FAE04EC0-301F-11D3-BF4B-00C04F79EFBC}") = "MobileApp.iOS", "MobileApp\MobileApp.iOS\MobileApp.iOS.csproj", "{ECE9D9D2-889D-4FE1-98AE-ED2684706748}"
EndProject
Global
	GlobalSection(SolutionConfigurationPlatforms) = preSolution
		Ad-Hoc|Any CPU = Ad-Hoc|Any CPU
		Ad-Hoc|iPhone = Ad-Hoc|iPhone
		Ad-Hoc|iPhoneSimulator = Ad-Hoc|iPhoneSimulator
		AppStore|Any CPU = AppStore|Any CPU
		AppStore|iPhone = AppStore|iPhone
		AppStore|iPhoneSimulator = AppStore|iPhoneSimulator
		Debug|Any CPU = Debug|Any CPU
		Debug|iPhone = Debug|iPhone
		Debug|iPhoneSimulator = Debug|iPhoneSimulator
		Release|Any CPU = Release|Any CPU
		Release|iPhone = Release|iPhone
		Release|iPhoneSimulator = Release|iPhoneSimulator
	EndGlobalSection
	GlobalSection(ProjectConfigurationPlatforms) = postSolution
		{C9957B10-81CE-4D1A-9BCF-6FD08EF9D2EE}.Ad-Hoc|Any CPU.ActiveCfg = Release|Any CPU
		{C9957B10-81CE-4D1A-9BCF-6FD08EF9D2EE}.Ad-Hoc|Any CPU.Build.0 = Release|Any CPU
		{C9957B10-81CE-4D1A-9BCF-6FD08EF9D2EE}.Ad-Hoc|iPhone.ActiveCfg = Release|Any CPU
		{C9957B10-81CE-4D1A-9BCF-6FD08EF9D2EE}.Ad-Hoc|iPhone.Build.0 = Release|Any CPU
		{C9957B10-81CE-4D1A-9BCF-6FD08EF9D2EE}.Ad-Hoc|iPhoneSimulator.ActiveCfg = Release|Any CPU
		{C9957B10-81CE-4D1A-9BCF-6FD08EF9D2EE}.Ad-Hoc|iPhoneSimulator.Build.0 = Release|Any CPU
		{C9957B10-81CE-4D1A-9BCF-6FD08EF9D2EE}.AppStore|Any CPU.ActiveCfg = Release|Any CPU
		{C9957B10-81CE-4D1A-9BCF-6FD08EF9D2EE}.AppStore|Any CPU.Build.0 = Release|Any CPU
		{C9957B10-81CE-4D1A-9BCF-6FD08EF9D2EE}.AppStore|iPhone.ActiveCfg = Release|Any CPU
		{C9957B10-81CE-4D1A-9BCF-6FD08EF9D2EE}.AppStore|iPhone.Build.0 = Release|Any CPU
		{C9957B10-81CE-4D1A-9BCF-6FD08EF9D2EE}.AppStore|iPhoneSimulator.ActiveCfg = Release|Any CPU
		{C9957B10-81CE-4D1A-9BCF-6FD08EF9D2EE}.AppStore|iPhoneSimulator.Build.0 = Release|Any CPU
		{C9957B10-81CE-4D1A-9BCF-6FD08EF9D2EE}.Debug|Any CPU.ActiveCfg = Debug|Any CPU
		{C9957B10-81CE-4D1A-9BCF-6FD08EF9D2EE}.Debug|Any CPU.Build.0 = Debug|Any CPU
		{C9957B10-81CE-4D1A-9BCF-6FD08EF9D2EE}.Debug|iPhone.ActiveCfg = Debug|Any CPU
		{C9957B10-81CE-4D1A-9BCF-6FD08EF9D2EE}.Debug|iPhone.Build.0 = Debug|Any CPU
		{C9957B10-81CE-4D1A-9BCF-6FD08EF9D2EE}.Debug|iPhoneSimulator.ActiveCfg = Debug|Any CPU
		{C9957B10-81CE-4D1A-9BCF-6FD08EF9D2EE}.Debug|iPhoneSimulator.Build.0 = Debug|Any CPU
		{C9957B10-81CE-4D1A-9BCF-6FD08EF9D2EE}.Release|Any CPU.ActiveCfg = Release|Any CPU
		{C9957B10-81CE-4D1A-9BCF-6FD08EF9D2EE}.Release|Any CPU.Build.0 = Release|Any CPU
		{C9957B10-81CE-4D1A-9BCF-6FD08EF9D2EE}.Release|iPhone.ActiveCfg = Release|Any CPU
		{C9957B10-81CE-4D1A-9BCF-6FD08EF9D2EE}.Release|iPhone.Build.0 = Release|Any CPU
		{C9957B10-81CE-4D1A-9BCF-6FD08EF9D2EE}.Release|iPhoneSimulator.ActiveCfg = Release|Any CPU
		{C9957B10-81CE-4D1A-9BCF-6FD08EF9D2EE}.Release|iPhoneSimulator.Build.0 = Release|Any CPU
		{EA35582D-60B5-450D-81DD-85D7D8A49D03}.Ad-Hoc|Any CPU.ActiveCfg = Release|Any CPU
		{EA35582D-60B5-450D-81DD-85D7D8A49D03}.Ad-Hoc|Any CPU.Build.0 = Release|Any CPU
		{EA35582D-60B5-450D-81DD-85D7D8A49D03}.Ad-Hoc|iPhone.ActiveCfg = Release|Any CPU
		{EA35582D-60B5-450D-81DD-85D7D8A49D03}.Ad-Hoc|iPhone.Build.0 = Release|Any CPU
		{EA35582D-60B5-450D-81DD-85D7D8A49D03}.Ad-Hoc|iPhoneSimulator.ActiveCfg = Release|Any CPU
		{EA35582D-60B5-450D-81DD-85D7D8A49D03}.Ad-Hoc|iPhoneSimulator.Build.0 = Release|Any CPU
		{EA35582D-60B5-450D-81DD-85D7D8A49D03}.AppStore|Any CPU.ActiveCfg = Release|Any CPU
		{EA35582D-60B5-450D-81DD-85D7D8A49D03}.AppStore|Any CPU.Build.0 = Release|Any CPU
		{EA35582D-60B5-450D-81DD-85D7D8A49D03}.AppStore|iPhone.ActiveCfg = Release|Any CPU
		{EA35582D-60B5-450D-81DD-85D7D8A49D03}.AppStore|iPhone.Build.0 = Release|Any CPU
		{EA35582D-60B5-450D-81DD-85D7D8A49D03}.AppStore|iPhoneSimulator.ActiveCfg = Release|Any CPU
		{EA35582D-60B5-450D-81DD-85D7D8A49D03}.AppStore|iPhoneSimulator.Build.0 = Release|Any CPU
		{EA35582D-60B5-450D-81DD-85D7D8A49D03}.Debug|Any CPU.ActiveCfg = Debug|Any CPU
		{EA35582D-60B5-450D-81DD-85D7D8A49D03}.Debug|Any CPU.Build.0 = Debug|Any CPU
		{EA35582D-60B5-450D-81DD-85D7D8A49D03}.Debug|iPhone.ActiveCfg = Debug|Any CPU
		{EA35582D-60B5-450D-81DD-85D7D8A49D03}.Debug|iPhone.Build.0 = Debug|Any CPU
		{EA35582D-60B5-450D-81DD-85D7D8A49D03}.Debug|iPhoneSimulator.ActiveCfg = Debug|Any CPU
		{EA35582D-60B5-450D-81DD-85D7D8A49D03}.Debug|iPhoneSimulator.Build.0 = Debug|Any CPU
		{EA35582D-60B5-450D-81DD-85D7D8A49D03}.Release|Any CPU.ActiveCfg = Release|Any CPU
		{EA35582D-60B5-450D-81DD-85D7D8A49D03}.Release|Any CPU.Build.0 = Release|Any CPU
		{EA35582D-60B5-450D-81DD-85D7D8A49D03}.Release|iPhone.ActiveCfg = Release|Any CPU
		{EA35582D-60B5-450D-81DD-85D7D8A49D03}.Release|iPhone.Build.0 = Release|Any CPU
		{EA35582D-60B5-450D-81DD-85D7D8A49D03}.Release|iPhoneSimulator.ActiveCfg = Release|Any CPU
		{EA35582D-60B5-450D-81DD-85D7D8A49D03}.Release|iPhoneSimulator.Build.0 = Release|Any CPU
		{E451ADED-8EF9-4C36-8537-AEF05B40A563}.Ad-Hoc|Any CPU.ActiveCfg = Release|Any CPU
		{E451ADED-8EF9-4C36-8537-AEF05B40A563}.Ad-Hoc|Any CPU.Build.0 = Release|Any CPU
		{E451ADED-8EF9-4C36-8537-AEF05B40A563}.Ad-Hoc|iPhone.ActiveCfg = Release|Any CPU
		{E451ADED-8EF9-4C36-8537-AEF05B40A563}.Ad-Hoc|iPhone.Build.0 = Release|Any CPU
		{E451ADED-8EF9-4C36-8537-AEF05B40A563}.Ad-Hoc|iPhoneSimulator.ActiveCfg = Release|Any CPU
		{E451ADED-8EF9-4C36-8537-AEF05B40A563}.Ad-Hoc|iPhoneSimulator.Build.0 = Release|Any CPU
		{E451ADED-8EF9-4C36-8537-AEF05B40A563}.AppStore|Any CPU.ActiveCfg = Release|Any CPU
		{E451ADED-8EF9-4C36-8537-AEF05B40A563}.AppStore|Any CPU.Build.0 = Release|Any CPU
		{E451ADED-8EF9-4C36-8537-AEF05B40A563}.AppStore|iPhone.ActiveCfg = Release|Any CPU
		{E451ADED-8EF9-4C36-8537-AEF05B40A563}.AppStore|iPhone.Build.0 = Release|Any CPU
		{E451ADED-8EF9-4C36-8537-AEF05B40A563}.AppStore|iPhoneSimulator.ActiveCfg = Release|Any CPU
		{E451ADED-8EF9-4C36-8537-AEF05B40A563}.AppStore|iPhoneSimulator.Build.0 = Release|Any CPU
		{E451ADED-8EF9-4C36-8537-AEF05B40A563}.Debug|Any CPU.ActiveCfg = Debug|Any CPU
		{E451ADED-8EF9-4C36-8537-AEF05B40A563}.Debug|Any CPU.Build.0 = Debug|Any CPU
		{E451ADED-8EF9-4C36-8537-AEF05B40A563}.Debug|iPhone.ActiveCfg = Debug|Any CPU
		{E451ADED-8EF9-4C36-8537-AEF05B40A563}.Debug|iPhone.Build.0 = Debug|Any CPU
		{E451ADED-8EF9-4C36-8537-AEF05B40A563}.Debug|iPhoneSimulator.ActiveCfg = Debug|Any CPU
		{E451ADED-8EF9-4C36-8537-AEF05B40A563}.Debug|iPhoneSimulator.Build.0 = Debug|Any CPU
		{E451ADED-8EF9-4C36-8537-AEF05B40A563}.Release|Any CPU.ActiveCfg = Release|Any CPU
		{E451ADED-8EF9-4C36-8537-AEF05B40A563}.Release|Any CPU.Build.0 = Release|Any CPU
		{E451ADED-8EF9-4C36-8537-AEF05B40A563}.Release|iPhone.ActiveCfg = Release|Any CPU
		{E451ADED-8EF9-4C36-8537-AEF05B40A563}.Release|iPhone.Build.0 = Release|Any CPU
		{E451ADED-8EF9-4C36-8537-AEF05B40A563}.Release|iPhoneSimulator.ActiveCfg = Release|Any CPU
		{E451ADED-8EF9-4C36-8537-AEF05B40A563}.Release|iPhoneSimulator.Build.0 = Release|Any CPU
		{CCAA81D3-263E-44CD-8DD5-89A075F3C7D6}.Ad-Hoc|Any CPU.ActiveCfg = Release|Any CPU
		{CCAA81D3-263E-44CD-8DD5-89A075F3C7D6}.Ad-Hoc|Any CPU.Build.0 = Release|Any CPU
		{CCAA81D3-263E-44CD-8DD5-89A075F3C7D6}.Ad-Hoc|Any CPU.Deploy.0 = Release|Any CPU
		{CCAA81D3-263E-44CD-8DD5-89A075F3C7D6}.Ad-Hoc|iPhone.ActiveCfg = Release|Any CPU
		{CCAA81D3-263E-44CD-8DD5-89A075F3C7D6}.Ad-Hoc|iPhone.Build.0 = Release|Any CPU
		{CCAA81D3-263E-44CD-8DD5-89A075F3C7D6}.Ad-Hoc|iPhone.Deploy.0 = Release|Any CPU
		{CCAA81D3-263E-44CD-8DD5-89A075F3C7D6}.Ad-Hoc|iPhoneSimulator.ActiveCfg = Release|Any CPU
		{CCAA81D3-263E-44CD-8DD5-89A075F3C7D6}.Ad-Hoc|iPhoneSimulator.Build.0 = Release|Any CPU
		{CCAA81D3-263E-44CD-8DD5-89A075F3C7D6}.Ad-Hoc|iPhoneSimulator.Deploy.0 = Release|Any CPU
		{CCAA81D3-263E-44CD-8DD5-89A075F3C7D6}.AppStore|Any CPU.ActiveCfg = Release|Any CPU
		{CCAA81D3-263E-44CD-8DD5-89A075F3C7D6}.AppStore|Any CPU.Build.0 = Release|Any CPU
		{CCAA81D3-263E-44CD-8DD5-89A075F3C7D6}.AppStore|Any CPU.Deploy.0 = Release|Any CPU
		{CCAA81D3-263E-44CD-8DD5-89A075F3C7D6}.AppStore|iPhone.ActiveCfg = Release|Any CPU
		{CCAA81D3-263E-44CD-8DD5-89A075F3C7D6}.AppStore|iPhone.Build.0 = Release|Any CPU
		{CCAA81D3-263E-44CD-8DD5-89A075F3C7D6}.AppStore|iPhone.Deploy.0 = Release|Any CPU
		{CCAA81D3-263E-44CD-8DD5-89A075F3C7D6}.AppStore|iPhoneSimulator.ActiveCfg = Release|Any CPU
		{CCAA81D3-263E-44CD-8DD5-89A075F3C7D6}.AppStore|iPhoneSimulator.Build.0 = Release|Any CPU
		{CCAA81D3-263E-44CD-8DD5-89A075F3C7D6}.AppStore|iPhoneSimulator.Deploy.0 = Release|Any CPU
		{CCAA81D3-263E-44CD-8DD5-89A075F3C7D6}.Debug|Any CPU.ActiveCfg = Debug|Any CPU
		{CCAA81D3-263E-44CD-8DD5-89A075F3C7D6}.Debug|Any CPU.Build.0 = Debug|Any CPU
		{CCAA81D3-263E-44CD-8DD5-89A075F3C7D6}.Debug|Any CPU.Deploy.0 = Debug|Any CPU
		{CCAA81D3-263E-44CD-8DD5-89A075F3C7D6}.Debug|iPhone.ActiveCfg = Debug|Any CPU
		{CCAA81D3-263E-44CD-8DD5-89A075F3C7D6}.Debug|iPhone.Build.0 = Debug|Any CPU
		{CCAA81D3-263E-44CD-8DD5-89A075F3C7D6}.Debug|iPhone.Deploy.0 = Debug|Any CPU
		{CCAA81D3-263E-44CD-8DD5-89A075F3C7D6}.Debug|iPhoneSimulator.ActiveCfg = Debug|Any CPU
		{CCAA81D3-263E-44CD-8DD5-89A075F3C7D6}.Debug|iPhoneSimulator.Build.0 = Debug|Any CPU
		{CCAA81D3-263E-44CD-8DD5-89A075F3C7D6}.Debug|iPhoneSimulator.Deploy.0 = Debug|Any CPU
		{CCAA81D3-263E-44CD-8DD5-89A075F3C7D6}.Release|Any CPU.ActiveCfg = Release|Any CPU
		{CCAA81D3-263E-44CD-8DD5-89A075F3C7D6}.Release|Any CPU.Build.0 = Release|Any CPU
		{CCAA81D3-263E-44CD-8DD5-89A075F3C7D6}.Release|Any CPU.Deploy.0 = Release|Any CPU
		{CCAA81D3-263E-44CD-8DD5-89A075F3C7D6}.Release|iPhone.ActiveCfg = Release|Any CPU
		{CCAA81D3-263E-44CD-8DD5-89A075F3C7D6}.Release|iPhone.Build.0 = Release|Any CPU
		{CCAA81D3-263E-44CD-8DD5-89A075F3C7D6}.Release|iPhone.Deploy.0 = Release|Any CPU
		{CCAA81D3-263E-44CD-8DD5-89A075F3C7D6}.Release|iPhoneSimulator.ActiveCfg = Release|Any CPU
		{CCAA81D3-263E-44CD-8DD5-89A075F3C7D6}.Release|iPhoneSimulator.Build.0 = Release|Any CPU
		{CCAA81D3-263E-44CD-8DD5-89A075F3C7D6}.Release|iPhoneSimulator.Deploy.0 = Release|Any CPU
		{CB6AFA1D-C773-40B1-A7A5-254507DF8985}.Ad-Hoc|Any CPU.ActiveCfg = Release|Any CPU
		{CB6AFA1D-C773-40B1-A7A5-254507DF8985}.Ad-Hoc|Any CPU.Build.0 = Release|Any CPU
		{CB6AFA1D-C773-40B1-A7A5-254507DF8985}.Ad-Hoc|iPhone.ActiveCfg = Release|Any CPU
		{CB6AFA1D-C773-40B1-A7A5-254507DF8985}.Ad-Hoc|iPhone.Build.0 = Release|Any CPU
		{CB6AFA1D-C773-40B1-A7A5-254507DF8985}.Ad-Hoc|iPhoneSimulator.ActiveCfg = Release|Any CPU
		{CB6AFA1D-C773-40B1-A7A5-254507DF8985}.Ad-Hoc|iPhoneSimulator.Build.0 = Release|Any CPU
		{CB6AFA1D-C773-40B1-A7A5-254507DF8985}.AppStore|Any CPU.ActiveCfg = Release|Any CPU
		{CB6AFA1D-C773-40B1-A7A5-254507DF8985}.AppStore|Any CPU.Build.0 = Release|Any CPU
		{CB6AFA1D-C773-40B1-A7A5-254507DF8985}.AppStore|iPhone.ActiveCfg = Release|Any CPU
		{CB6AFA1D-C773-40B1-A7A5-254507DF8985}.AppStore|iPhone.Build.0 = Release|Any CPU
		{CB6AFA1D-C773-40B1-A7A5-254507DF8985}.AppStore|iPhoneSimulator.ActiveCfg = Release|Any CPU
		{CB6AFA1D-C773-40B1-A7A5-254507DF8985}.AppStore|iPhoneSimulator.Build.0 = Release|Any CPU
		{CB6AFA1D-C773-40B1-A7A5-254507DF8985}.Debug|Any CPU.ActiveCfg = Debug|Any CPU
		{CB6AFA1D-C773-40B1-A7A5-254507DF8985}.Debug|Any CPU.Build.0 = Debug|Any CPU
		{CB6AFA1D-C773-40B1-A7A5-254507DF8985}.Debug|iPhone.ActiveCfg = Debug|Any CPU
		{CB6AFA1D-C773-40B1-A7A5-254507DF8985}.Debug|iPhone.Build.0 = Debug|Any CPU
		{CB6AFA1D-C773-40B1-A7A5-254507DF8985}.Debug|iPhoneSimulator.ActiveCfg = Debug|Any CPU
		{CB6AFA1D-C773-40B1-A7A5-254507DF8985}.Debug|iPhoneSimulator.Build.0 = Debug|Any CPU
		{CB6AFA1D-C773-40B1-A7A5-254507DF8985}.Release|Any CPU.ActiveCfg = Release|Any CPU
		{CB6AFA1D-C773-40B1-A7A5-254507DF8985}.Release|Any CPU.Build.0 = Release|Any CPU
		{CB6AFA1D-C773-40B1-A7A5-254507DF8985}.Release|iPhone.ActiveCfg = Release|Any CPU
		{CB6AFA1D-C773-40B1-A7A5-254507DF8985}.Release|iPhone.Build.0 = Release|Any CPU
		{CB6AFA1D-C773-40B1-A7A5-254507DF8985}.Release|iPhoneSimulator.ActiveCfg = Release|Any CPU
		{CB6AFA1D-C773-40B1-A7A5-254507DF8985}.Release|iPhoneSimulator.Build.0 = Release|Any CPU
		{ECE9D9D2-889D-4FE1-98AE-ED2684706748}.Ad-Hoc|Any CPU.ActiveCfg = Ad-Hoc|iPhone
		{ECE9D9D2-889D-4FE1-98AE-ED2684706748}.Ad-Hoc|iPhone.ActiveCfg = Ad-Hoc|iPhone
		{ECE9D9D2-889D-4FE1-98AE-ED2684706748}.Ad-Hoc|iPhone.Build.0 = Ad-Hoc|iPhone
		{ECE9D9D2-889D-4FE1-98AE-ED2684706748}.Ad-Hoc|iPhoneSimulator.ActiveCfg = Ad-Hoc|iPhoneSimulator
		{ECE9D9D2-889D-4FE1-98AE-ED2684706748}.Ad-Hoc|iPhoneSimulator.Build.0 = Ad-Hoc|iPhoneSimulator
		{ECE9D9D2-889D-4FE1-98AE-ED2684706748}.AppStore|Any CPU.ActiveCfg = AppStore|iPhone
		{ECE9D9D2-889D-4FE1-98AE-ED2684706748}.AppStore|iPhone.ActiveCfg = AppStore|iPhone
		{ECE9D9D2-889D-4FE1-98AE-ED2684706748}.AppStore|iPhone.Build.0 = AppStore|iPhone
		{ECE9D9D2-889D-4FE1-98AE-ED2684706748}.AppStore|iPhoneSimulator.ActiveCfg = AppStore|iPhoneSimulator
		{ECE9D9D2-889D-4FE1-98AE-ED2684706748}.AppStore|iPhoneSimulator.Build.0 = AppStore|iPhoneSimulator
		{ECE9D9D2-889D-4FE1-98AE-ED2684706748}.Debug|Any CPU.ActiveCfg = Debug|iPhone
		{ECE9D9D2-889D-4FE1-98AE-ED2684706748}.Debug|iPhone.ActiveCfg = Debug|iPhone
		{ECE9D9D2-889D-4FE1-98AE-ED2684706748}.Debug|iPhone.Build.0 = Debug|iPhone
		{ECE9D9D2-889D-4FE1-98AE-ED2684706748}.Debug|iPhoneSimulator.ActiveCfg = Debug|iPhoneSimulator
		{ECE9D9D2-889D-4FE1-98AE-ED2684706748}.Debug|iPhoneSimulator.Build.0 = Debug|iPhoneSimulator
		{ECE9D9D2-889D-4FE1-98AE-ED2684706748}.Release|Any CPU.ActiveCfg = Release|iPhone
		{ECE9D9D2-889D-4FE1-98AE-ED2684706748}.Release|iPhone.ActiveCfg = Release|iPhone
		{ECE9D9D2-889D-4FE1-98AE-ED2684706748}.Release|iPhone.Build.0 = Release|iPhone
		{ECE9D9D2-889D-4FE1-98AE-ED2684706748}.Release|iPhoneSimulator.ActiveCfg = Release|iPhoneSimulator
		{ECE9D9D2-889D-4FE1-98AE-ED2684706748}.Release|iPhoneSimulator.Build.0 = Release|iPhoneSimulator
	EndGlobalSection
	GlobalSection(SolutionProperties) = preSolution
		HideSolutionNode = FALSE
	EndGlobalSection
EndGlobal
